
Microsoft Visual Studio Solution File, Format Version 12.00
# Visual Studio 2012
Project("{8BC9CEB8-8B4A-11D0-8D11-00A0C91BC942}") = "PNG_encode_decode", "PNG_encode_decode\PNG_encode_decode.vcxproj", "{74322984-B567-465F-BAC1-64C9C7484332}"
EndProject
Project("{8BC9CEB8-8B4A-11D0-8D11-00A0C91BC942}") = "zlib", "zlib-1.2.3\projects\VS2012\zlib.vcxproj", "{371D89A3-A7E9-405D-95C7-089328622DC1}"
EndProject
Project("{8BC9CEB8-8B4A-11D0-8D11-00A0C91BC942}") = "libpng", "libpng-1.2.37-src\projects\VS2012\libpng.vcxproj", "{8C01CC03-EC2E-4711-865A-1B7AC8A55798}"
EndProject
Global
	GlobalSection(SolutionConfigurationPlatforms) = preSolution
		Debug|Win32 = Debug|Win32
		DLL ASM Debug|Win32 = DLL ASM Debug|Win32
		DLL ASM Release|Win32 = DLL ASM Release|Win32
		DLL Debug|Win32 = DLL Debug|Win32
		DLL Release|Win32 = DLL Release|Win32
		DLL VB|Win32 = DLL VB|Win32
		LIB ASM Debug|Win32 = LIB ASM Debug|Win32
		LIB ASM Release|Win32 = LIB ASM Release|Win32
		LIB Debug|Win32 = LIB Debug|Win32
		LIB Release|Win32 = LIB Release|Win32
		Release|Win32 = Release|Win32
	EndGlobalSection
	GlobalSection(ProjectConfigurationPlatforms) = postSolution
		{74322984-B567-465F-BAC1-64C9C7484332}.Debug|Win32.ActiveCfg = Debug|Win32
		{74322984-B567-465F-BAC1-64C9C7484332}.Debug|Win32.Build.0 = Debug|Win32
		{74322984-B567-465F-BAC1-64C9C7484332}.DLL ASM Debug|Win32.ActiveCfg = Debug|Win32
		{74322984-B567-465F-BAC1-64C9C7484332}.DLL ASM Debug|Win32.Build.0 = Debug|Win32
		{74322984-B567-465F-BAC1-64C9C7484332}.DLL ASM Release|Win32.ActiveCfg = Release|Win32
		{74322984-B567-465F-BAC1-64C9C7484332}.DLL ASM Release|Win32.Build.0 = Release|Win32
		{74322984-B567-465F-BAC1-64C9C7484332}.DLL Debug|Win32.ActiveCfg = Debug|Win32
		{74322984-B567-465F-BAC1-64C9C7484332}.DLL Debug|Win32.Build.0 = Debug|Win32
		{74322984-B567-465F-BAC1-64C9C7484332}.DLL Release|Win32.ActiveCfg = Release|Win32
		{74322984-B567-465F-BAC1-64C9C7484332}.DLL Release|Win32.Build.0 = Release|Win32
		{74322984-B567-465F-BAC1-64C9C7484332}.DLL VB|Win32.ActiveCfg = Debug|Win32
		{74322984-B567-465F-BAC1-64C9C7484332}.DLL VB|Win32.Build.0 = Debug|Win32
		{74322984-B567-465F-BAC1-64C9C7484332}.LIB ASM Debug|Win32.ActiveCfg = Debug|Win32
		{74322984-B567-465F-BAC1-64C9C7484332}.LIB ASM Debug|Win32.Build.0 = Debug|Win32
		{74322984-B567-465F-BAC1-64C9C7484332}.LIB ASM Release|Win32.ActiveCfg = Release|Win32
		{74322984-B567-465F-BAC1-64C9C7484332}.LIB ASM Release|Win32.Build.0 = Release|Win32
		{74322984-B567-465F-BAC1-64C9C7484332}.LIB Debug|Win32.ActiveCfg = Debug|Win32
		{74322984-B567-465F-BAC1-64C9C7484332}.LIB Debug|Win32.Build.0 = Debug|Win32
		{74322984-B567-465F-BAC1-64C9C7484332}.LIB Release|Win32.ActiveCfg = Release|Win32
		{74322984-B567-465F-BAC1-64C9C7484332}.LIB Release|Win32.Build.0 = Release|Win32
		{74322984-B567-465F-BAC1-64C9C7484332}.Release|Win32.ActiveCfg = Release|Win32
		{74322984-B567-465F-BAC1-64C9C7484332}.Release|Win32.Build.0 = Release|Win32
		{371D89A3-A7E9-405D-95C7-089328622DC1}.Debug|Win32.ActiveCfg = DLL ASM Debug|Win32
		{371D89A3-A7E9-405D-95C7-089328622DC1}.Debug|Win32.Build.0 = DLL ASM Debug|Win32
		{371D89A3-A7E9-405D-95C7-089328622DC1}.DLL ASM Debug|Win32.ActiveCfg = DLL ASM Debug|Win32
		{371D89A3-A7E9-405D-95C7-089328622DC1}.DLL ASM Debug|Win32.Build.0 = DLL ASM Debug|Win32
		{371D89A3-A7E9-405D-95C7-089328622DC1}.DLL ASM Release|Win32.ActiveCfg = DLL ASM Release|Win32
		{371D89A3-A7E9-405D-95C7-089328622DC1}.DLL ASM Release|Win32.Build.0 = DLL ASM Release|Win32
		{371D89A3-A7E9-405D-95C7-089328622DC1}.DLL Debug|Win32.ActiveCfg = DLL Debug|Win32
		{371D89A3-A7E9-405D-95C7-089328622DC1}.DLL Debug|Win32.Build.0 = DLL Debug|Win32
		{371D89A3-A7E9-405D-95C7-089328622DC1}.DLL Release|Win32.ActiveCfg = DLL Release|Win32
		{371D89A3-A7E9-405D-95C7-089328622DC1}.DLL Release|Win32.Build.0 = DLL Release|Win32
		{371D89A3-A7E9-405D-95C7-089328622DC1}.DLL VB|Win32.ActiveCfg = DLL ASM Debug|Win32
		{371D89A3-A7E9-405D-95C7-089328622DC1}.DLL VB|Win32.Build.0 = DLL ASM Debug|Win32
		{371D89A3-A7E9-405D-95C7-089328622DC1}.LIB ASM Debug|Win32.ActiveCfg = LIB ASM Debug|Win32
		{371D89A3-A7E9-405D-95C7-089328622DC1}.LIB ASM Debug|Win32.Build.0 = LIB ASM Debug|Win32
		{371D89A3-A7E9-405D-95C7-089328622DC1}.LIB ASM Release|Win32.ActiveCfg = LIB ASM Release|Win32
		{371D89A3-A7E9-405D-95C7-089328622DC1}.LIB ASM Release|Win32.Build.0 = LIB ASM Release|Win32
		{371D89A3-A7E9-405D-95C7-089328622DC1}.LIB Debug|Win32.ActiveCfg = LIB Debug|Win32
		{371D89A3-A7E9-405D-95C7-089328622DC1}.LIB Debug|Win32.Build.0 = LIB Debug|Win32
		{371D89A3-A7E9-405D-95C7-089328622DC1}.LIB Release|Win32.ActiveCfg = LIB Release|Win32
		{371D89A3-A7E9-405D-95C7-089328622DC1}.LIB Release|Win32.Build.0 = LIB Release|Win32
		{371D89A3-A7E9-405D-95C7-089328622DC1}.Release|Win32.ActiveCfg = LIB Release|Win32
		{371D89A3-A7E9-405D-95C7-089328622DC1}.Release|Win32.Build.0 = LIB Release|Win32
		{8C01CC03-EC2E-4711-865A-1B7AC8A55798}.Debug|Win32.ActiveCfg = DLL ASM Debug|Win32
		{8C01CC03-EC2E-4711-865A-1B7AC8A55798}.Debug|Win32.Build.0 = DLL ASM Debug|Win32
		{8C01CC03-EC2E-4711-865A-1B7AC8A55798}.DLL ASM Debug|Win32.ActiveCfg = DLL ASM Debug|Win32
		{8C01CC03-EC2E-4711-865A-1B7AC8A55798}.DLL ASM Debug|Win32.Build.0 = DLL ASM Debug|Win32
		{8C01CC03-EC2E-4711-865A-1B7AC8A55798}.DLL ASM Release|Win32.ActiveCfg = DLL ASM Release|Win32
		{8C01CC03-EC2E-4711-865A-1B7AC8A55798}.DLL ASM Release|Win32.Build.0 = DLL ASM Release|Win32
		{8C01CC03-EC2E-4711-865A-1B7AC8A55798}.DLL Debug|Win32.ActiveCfg = DLL Debug|Win32
		{8C01CC03-EC2E-4711-865A-1B7AC8A55798}.DLL Debug|Win32.Build.0 = DLL Debug|Win32
		{8C01CC03-EC2E-4711-865A-1B7AC8A55798}.DLL Release|Win32.ActiveCfg = DLL Release|Win32
		{8C01CC03-EC2E-4711-865A-1B7AC8A55798}.DLL Release|Win32.Build.0 = DLL Release|Win32
		{8C01CC03-EC2E-4711-865A-1B7AC8A55798}.DLL VB|Win32.ActiveCfg = DLL VB|Win32
		{8C01CC03-EC2E-4711-865A-1B7AC8A55798}.DLL VB|Win32.Build.0 = DLL VB|Win32
		{8C01CC03-EC2E-4711-865A-1B7AC8A55798}.LIB ASM Debug|Win32.ActiveCfg = LIB ASM Debug|Win32
		{8C01CC03-EC2E-4711-865A-1B7AC8A55798}.LIB ASM Debug|Win32.Build.0 = LIB ASM Debug|Win32
		{8C01CC03-EC2E-4711-865A-1B7AC8A55798}.LIB ASM Release|Win32.ActiveCfg = LIB ASM Release|Win32
		{8C01CC03-EC2E-4711-865A-1B7AC8A55798}.LIB ASM Release|Win32.Build.0 = LIB ASM Release|Win32
		{8C01CC03-EC2E-4711-865A-1B7AC8A55798}.LIB Debug|Win32.ActiveCfg = LIB Debug|Win32
		{8C01CC03-EC2E-4711-865A-1B7AC8A55798}.LIB Debug|Win32.Build.0 = LIB Debug|Win32
		{8C01CC03-EC2E-4711-865A-1B7AC8A55798}.LIB Release|Win32.ActiveCfg = LIB Release|Win32
		{8C01CC03-EC2E-4711-865A-1B7AC8A55798}.LIB Release|Win32.Build.0 = LIB Release|Win32
		{8C01CC03-EC2E-4711-865A-1B7AC8A55798}.Release|Win32.ActiveCfg = LIB Release|Win32
		{8C01CC03-EC2E-4711-865A-1B7AC8A55798}.Release|Win32.Build.0 = LIB Release|Win32
	EndGlobalSection
	GlobalSection(SolutionProperties) = preSolution
		HideSolutionNode = FALSE
	EndGlobalSection
EndGlobal
